{
  "version": "5",
  "specifiers": {
    "jsr:@hono/hono@^4.12.23": "4.12.23",
    "jsr:@supabase/functions-js@^0.0.0-automated": "0.0.0-jsr-test.1",
    "jsr:@supabase/supabase-js@2": "2.105.4",
    "npm:@resvg/resvg-wasm@2.6.2": "2.6.2",
    "npm:@supabase/auth-js@2.105.4": "2.105.4",
    "npm:@supabase/postgrest-js@2.105.4": "2.105.4",
    "npm:@supabase/realtime-js@2.105.4": "2.105.4",
    "npm:@supabase/storage-js@2.105.4": "2.105.4",
    "npm:jose@5": "5.10.0",
    "npm:pdfkit@0.18.0": "0.18.0",
    "npm:pg@8.20.0": "8.20.0"
  },
  "jsr": {
    "@hono/hono@4.12.23": {
      "integrity": "9d9f3da498f69c311b5f92d973eb3b8ebc973b5fd2b4972781b556e07818a745"
    },
    "@supabase/functions-js@0.0.0-jsr-test.1": {
      "integrity": "b1b37924af1f0011b4753201e1585a37b030e996c6682492e02575eb27d902b2"
    },
    "@supabase/supabase-js@2.105.4": {
      "integrity": "9917385444fbb10ed75652c01e7f5b3beda999caffcbc3e93f4f40c087a325a7",
      "dependencies": [
        "jsr:@supabase/functions-js",
        "npm:@supabase/auth-js",
        "npm:@supabase/postgrest-js",
        "npm:@supabase/realtime-js",
        "npm:@supabase/storage-js"
      ]
    }
  },
  "npm": {
    "@noble/ciphers@1.3.0": {
      "integrity": "sha512-2I0gnIVPtfnMw9ee9h1dJG7tp81+8Ob3OJb3Mv37rx5L40/b0i7djjCVvGOVqc9AEIQyvyu1i6ypKdFw8R8gQw=="
    },
    "@noble/hashes@1.8.0": {
      "integrity": "sha512-jCs9ldd7NwzpgXDIf6P3+NrHh9/sD6CQdxHyjQI+h/6rDNo88ypBxxz45UDuZHz9r3tNz7N/VInSVoVdtXEI4A=="
    },
    "@resvg/resvg-wasm@2.6.2": {
      "integrity": "sha512-FqALmHI8D4o6lk/LRWDnhw95z5eO+eAa6ORjVg09YRR7BkcM6oPHU9uyC0gtQG5vpFLvgpeU4+zEAz2H8APHNw=="
    },
    "@supabase/auth-js@2.105.4": {
      "integrity": "sha512-Ejfa37M5xoIwoxVebxRahnwubPo8g22qkXQ4p50+N9MIvU9UZoN+A8dwVPtczzGf8oV/YXN80ZPxK4aWXuSN/A==",
      "dependencies": [
        "tslib"
      ]
    },
    "@supabase/phoenix@0.4.2": {
      "integrity": "sha512-YSAGnmDAfuleFCVt3CeurQZAhxRfXWeZIIkwp7NhYzQ1UwW6ePSnzsFAiUm/mbCkfoCf70QQHKW/K6RKh52a4A=="
    },
    "@supabase/postgrest-js@2.105.4": {
      "integrity": "sha512-SppIyLo/kTwIlz1qpv2HN1EQqBg0GVktrDDFsXygYROha3MgVn4rT7p5EjFHFqXQm2rdRGb/BI7bc+jr10m91w==",
      "dependencies": [
        "tslib"
      ]
    },
    "@supabase/realtime-js@2.105.4": {
      "integrity": "sha512-6ov6c59+8D9h7q4M4Gy/uDJlC0Akxl9/714Y+6vJ+Sijuc16TS/p5DwhfRCLNcIhNiej1gEt+CQUwsjiPt4PxQ==",
      "dependencies": [
        "@supabase/phoenix",
        "tslib"
      ]
    },
    "@supabase/storage-js@2.105.4": {
      "integrity": "sha512-Jx+pzMP1Whjof2PWHoVBUA75/p7PQE9CqKBzn1oXVyJDOggMLSH2OzVWwsXYaxEpdC1K/KltwmOX44nL3LHl9g==",
      "dependencies": [
        "iceberg-js",
        "tslib"
      ]
    },
    "@swc/helpers@0.5.23": {
      "integrity": "sha512-5lSsMOTXURePglDfvuAQUqkGek9Hg2kksOYay2m0+XR++b2NWYL/4sWyuvVBIs8oKnJaxkdi9whaL/sqN13afw==",
      "dependencies": [
        "tslib"
      ]
    },
    "base64-js@0.0.8": {
      "integrity": "sha512-3XSA2cR/h/73EzlXXdU6YNycmYI7+kicTxks4eJg2g39biHR84slg2+des+p7iHYhbRg/udIS4TD53WabcOUkw=="
    },
    "base64-js@1.5.1": {
      "integrity": "sha512-AKpaYlHn8t4SVbOHCy+b5+KKgvR4vrsD8vbvrbiQJps7fKDTkjkDry6ji0rUJjC0kzbNePLwzxq8iypo41qeWA=="
    },
    "brotli@1.3.3": {
      "integrity": "sha512-oTKjJdShmDuGW94SyyaoQvAjf30dZaHnjJ8uAF+u2/vGJkJbJPJAT1gDiOJP5v1Zb6f9KEyW/1HpuaWIXtGHPg==",
      "dependencies": [
        "base64-js@1.5.1"
      ]
    },
    "browserify-zlib@0.2.0": {
      "integrity": "sha512-Z942RysHXmJrhqk88FmKBVq/v5tqmSkDz7p54G/MGyjMnCFFnC79XWNbg+Vta8W6Wb2qtSZTSxIGkJrRpCFEiA==",
      "dependencies": [
        "pako@1.0.11"
      ]
    },
    "clone@2.1.2": {
      "integrity": "sha512-3Pe/CF1Nn94hyhIYpjtiLhdCoEoz0DqQ+988E9gmeEdQZlojxnOb74wctFyuwWQHzqyf9X7C7MG8juUpqBJT8w=="
    },
    "dfa@1.2.0": {
      "integrity": "sha512-ED3jP8saaweFTjeGX8HQPjeC1YYyZs98jGNZx6IiBvxW7JG5v492kamAQB3m2wop07CvU/RQmzcKr6bgcC5D/Q=="
    },
    "fast-deep-equal@3.1.3": {
      "integrity": "sha512-f3qQ9oQy9j2AhBe/H9VC91wLmKBCCU/gDOnKNAYG5hswO7BLKj09Hc5HYNz9cGI++xlpDCIgDaitVs03ATR84Q=="
    },
    "fontkit@2.0.4": {
      "integrity": "sha512-syetQadaUEDNdxdugga9CpEYVaQIxOwk7GlwZWWZ19//qW4zE5bknOKeMBDYAASwnpaSHKJITRLMF9m1fp3s6g==",
      "dependencies": [
        "@swc/helpers",
        "brotli",
        "clone",
        "dfa",
        "fast-deep-equal",
        "restructure",
        "tiny-inflate",
        "unicode-properties",
        "unicode-trie"
      ]
    },
    "iceberg-js@0.8.1": {
      "integrity": "sha512-1dhVQZXhcHje7798IVM+xoo/1ZdVfzOMIc8/rgVSijRK38EDqOJoGula9N/8ZI5RD8QTxNQtK/Gozpr+qUqRRA=="
    },
    "jose@5.10.0": {
      "integrity": "sha512-s+3Al/p9g32Iq+oqXxkW//7jk2Vig6FF1CFqzVXoTUXt2qz89YWbL+OwS17NFYEvxC35n0FKeGO2LGYSxeM2Gg=="
    },
    "js-md5@0.8.3": {
      "integrity": "sha512-qR0HB5uP6wCuRMrWPTrkMaev7MJZwJuuw4fnwAzRgP4J4/F8RwtodOKpGp4XpqsLBFzzgqIO42efFAyz2Et6KQ=="
    },
    "linebreak@1.1.0": {
      "integrity": "sha512-MHp03UImeVhB7XZtjd0E4n6+3xr5Dq/9xI/5FptGk5FrbDR3zagPa2DS6U8ks/3HjbKWG9Q1M2ufOzxV2qLYSQ==",
      "dependencies": [
        "base64-js@0.0.8",
        "unicode-trie"
      ]
    },
    "pako@0.2.9": {
      "integrity": "sha512-NUcwaKxUxWrZLpDG+z/xZaCgQITkA/Dv4V/T6bw7VON6l1Xz/VnrBqrYjZQ12TamKHzITTfOEIYUj48y2KXImA=="
    },
    "pako@1.0.11": {
      "integrity": "sha512-4hLB8Py4zZce5s4yd9XzopqwVv/yGNhV1Bl8NTmCq1763HeK2+EwVTv+leGeL13Dnh2wfbqowVPXCIO0z4taYw=="
    },
    "pdfkit@0.18.0": {
      "integrity": "sha512-NvUwSDZ0eYEzqAiWwVQkRkjYUkZ48kcsHuCO31ykqPPIVkwoSDjDGiwIgHHNtsiwls3z3P/zy4q00hl2chg2Ug==",
      "dependencies": [
        "@noble/ciphers",
        "@noble/hashes",
        "fontkit",
        "js-md5",
        "linebreak",
        "png-js"
      ]
    },
    "pg-cloudflare@1.4.0": {
      "integrity": "sha512-Vo7z/6rrQYxpNRylp4Tlob2elzbh+N/MOQbxFVWCxS7oEx6jF53GTJFxK2WWpKuBRkmiin4Mt+xofFDjx09R0A=="
    },
    "pg-connection-string@2.13.0": {
      "integrity": "sha512-EMnU9E2fSULdsbErBbMaXJvFeD9B4+nPcM3f+4lsiCR0BHLPrLVjv3DbyM2hgQQviKJaTWIRRTjKjWlHg3p2ig=="
    },
    "pg-int8@1.0.1": {
      "integrity": "sha512-WCtabS6t3c8SkpDBUlb1kjOs7l66xsGdKpIPZsg4wR+B3+u9UAum2odSsF9tnvxg80h4ZxLWMy4pRjOsFIqQpw=="
    },
    "pg-pool@3.14.0_pg@8.20.0": {
      "integrity": "sha512-gKtPkFdQPU3DksooVLi9LsjZxrsBUZIpa+7aVx+LV5pNh0KzP4Zleud2po+ConrxbuXGBJ6Hfer6hdgpIBpBaw==",
      "dependencies": [
        "pg"
      ]
    },
    "pg-protocol@1.14.0": {
      "integrity": "sha512-n5taZ1kO3s9ngDTVxsEznOqCyToTgz0FLuPq0B33COy5pPpuWJpY3/2oRBVETuOgzdqRXfWpM9HIhp2LBBT1BA=="
    },
    "pg-types@2.2.0": {
      "integrity": "sha512-qTAAlrEsl8s4OiEQY69wDvcMIdQN6wdz5ojQiOy6YRMuynxenON0O5oCpJI6lshc6scgAY8qvJ2On/p+CXY0GA==",
      "dependencies": [
        "pg-int8",
        "postgres-array",
        "postgres-bytea",
        "postgres-date",
        "postgres-interval"
      ]
    },
    "pg@8.20.0": {
      "integrity": "sha512-ldhMxz2r8fl/6QkXnBD3CR9/xg694oT6DZQ2s6c/RI28OjtSOpxnPrUCGOBJ46RCUxcWdx3p6kw/xnDHjKvaRA==",
      "dependencies": [
        "pg-connection-string",
        "pg-pool",
        "pg-protocol",
        "pg-types",
        "pgpass"
      ],
      "optionalDependencies": [
        "pg-cloudflare"
      ]
    },
    "pgpass@1.0.5": {
      "integrity": "sha512-FdW9r/jQZhSeohs1Z3sI1yxFQNFvMcnmfuj4WBMUTxOrAyLMaTcE1aAMBiTlbMNaXvBCQuVi0R7hd8udDSP7ug==",
      "dependencies": [
        "split2"
      ]
    },
    "png-js@1.1.0": {
      "integrity": "sha512-PM/uYGzGdNSzqeOgly68+6wKQDL1SY0a/N+OEa/+br6LnHWOAJB0Npiamnodfq3jd2LS/i2fMeOKSAILjA+m5Q==",
      "dependencies": [
        "browserify-zlib"
      ]
    },
    "postgres-array@2.0.0": {
      "integrity": "sha512-VpZrUqU5A69eQyW2c5CA1jtLecCsN2U/bD6VilrFDWq5+5UIEVO7nazS3TEcHf1zuPYO/sqGvUvW62g86RXZuA=="
    },
    "postgres-bytea@1.0.1": {
      "integrity": "sha512-5+5HqXnsZPE65IJZSMkZtURARZelel2oXUEO8rH83VS/hxH5vv1uHquPg5wZs8yMAfdv971IU+kcPUczi7NVBQ=="
    },
    "postgres-date@1.0.7": {
      "integrity": "sha512-suDmjLVQg78nMK2UZ454hAG+OAW+HQPZ6n++TNDUX+L0+uUlLywnoxJKDou51Zm+zTCjrCl0Nq6J9C5hP9vK/Q=="
    },
    "postgres-interval@1.2.0": {
      "integrity": "sha512-9ZhXKM/rw350N1ovuWHbGxnGh/SNJ4cnxHiM0rxE4VN41wsg8P8zWn9hv/buK00RP4WvlOyr/RBDiptyxVbkZQ==",
      "dependencies": [
        "xtend"
      ]
    },
    "restructure@3.0.2": {
      "integrity": "sha512-gSfoiOEA0VPE6Tukkrr7I0RBdE0s7H1eFCDBk05l1KIQT1UIKNc5JZy6jdyW6eYH3aR3g5b3PuL77rq0hvwtAw=="
    },
    "split2@4.2.0": {
      "integrity": "sha512-UcjcJOWknrNkF6PLX83qcHM6KHgVKNkV62Y8a5uYDVv9ydGQVwAHMKqHdJje1VTWpljG0WYpCDhrCdAOYH4TWg=="
    },
    "tiny-inflate@1.0.3": {
      "integrity": "sha512-pkY1fj1cKHb2seWDy0B16HeWyczlJA9/WW3u3c4z/NiWDsO3DOU5D7nhTLE9CF0yXv/QZFY7sEJmj24dK+Rrqw=="
    },
    "tslib@2.8.1": {
      "integrity": "sha512-oJFu94HQb+KVduSUQL7wnpmqnfmLsOA/nAh6b6EH0wCEoK0/mPeXU6c3wKDV83MkOuHPRHtSXKKU99IBazS/2w=="
    },
    "unicode-properties@1.4.1": {
      "integrity": "sha512-CLjCCLQ6UuMxWnbIylkisbRj31qxHPAurvena/0iwSVbQ2G1VY5/HjV0IRabOEbDHlzZlRdCrD4NhB0JtU40Pg==",
      "dependencies": [
        "base64-js@1.5.1",
        "unicode-trie"
      ]
    },
    "unicode-trie@2.0.0": {
      "integrity": "sha512-x7bc76x0bm4prf1VLg79uhAzKw8DVboClSN5VxJuQ+LKDOVEW9CdH+VY7SP+vX7xCYQqzzgQpFqz15zeLvAtZQ==",
      "dependencies": [
        "pako@0.2.9",
        "tiny-inflate"
      ]
    },
    "xtend@4.0.2": {
      "integrity": "sha512-LKYU1iAXJXUgAXn9URjiu+MWhyUXHsvfp7mcuYm9dSUKK0/CjtrUwFAxD82/mCWbtLsGjFIad0wIsod4zrTAEQ=="
    }
  },
  "workspace": {
    "dependencies": [
      "jsr:@hono/hono@^4.12.23",
      "jsr:@supabase/supabase-js@2",
      "npm:@resvg/resvg-wasm@2.6.2",
      "npm:docx@9.6.1",
      "npm:exceljs@4.4.0",
      "npm:jose@5",
      "npm:pdfkit@0.18.0",
      "npm:pg@8.20.0"
    ]
  }
}
